
Microsoft Visual Studio Solution File, Format Version 12.00
# Visual Studio Version 16
VisualStudioVersion = 16.0.29411.108
MinimumVisualStudioVersion = 10.0.40219.1
Project("{FAE04EC0-301F-11D3-BF4B-00C04F79EFBC}") = "ZipAndSendToEmail", "ZipAndSendToEmail.csproj", "{09A7C370-DA79-4224-9CF0-4A4CD5C0F416}"
EndProject
Global
	GlobalSection(SolutionConfigurationPlatforms) = preSolution
		Debug|Any CPU = Debug|Any CPU
		Release|Any CPU = Release|Any CPU
	EndGlobalSection
	GlobalSection(ProjectConfigurationPlatforms) = postSolution
		{09A7C370-DA79-4224-9CF0-4A4CD5C0F416}.Debug|Any CPU.ActiveCfg = Debug|Any CPU
		{09A7C370-DA79-4224-9CF0-4A4CD5C0F416}.Debug|Any CPU.Build.0 = Debug|Any CPU
		{09A7C370-DA79-4224-9CF0-4A4CD5C0F416}.Release|Any CPU.ActiveCfg = Release|Any CPU
		{09A7C370-DA79-4224-9CF0-4A4CD5C0F416}.Release|Any CPU.Build.0 = Release|Any CPU
	EndGlobalSection
	GlobalSection(SolutionProperties) = preSolution
		HideSolutionNode = FALSE
	EndGlobalSection
	GlobalSection(ExtensibilityGlobals) = postSolution
		SolutionGuid = {8C19549E-F3CD-489C-A789-AA264ED3F43F}
	EndGlobalSection
EndGlobal
