
Microsoft Visual Studio Solution File, Format Version 12.00
# Visual Studio Version 16
VisualStudioVersion = 16.0.29123.88
MinimumVisualStudioVersion = 10.0.40219.1
Project("{FAE04EC0-301F-11D3-BF4B-00C04F79EFBC}") = "WCFServicesInWindowsApp", "WCFServicesInWindowsApp\WCFServicesInWindowsApp.csproj", "{AA6D171F-1A74-4F9D-A26A-A123C9F98065}"
EndProject
Global
	GlobalSection(SolutionConfigurationPlatforms) = preSolution
		Debug|Any CPU = Debug|Any CPU
		Release|Any CPU = Release|Any CPU
	EndGlobalSection
	GlobalSection(ProjectConfigurationPlatforms) = postSolution
		{AA6D171F-1A74-4F9D-A26A-A123C9F98065}.Debug|Any CPU.ActiveCfg = Debug|Any CPU
		{AA6D171F-1A74-4F9D-A26A-A123C9F98065}.Debug|Any CPU.Build.0 = Debug|Any CPU
		{AA6D171F-1A74-4F9D-A26A-A123C9F98065}.Release|Any CPU.ActiveCfg = Release|Any CPU
		{AA6D171F-1A74-4F9D-A26A-A123C9F98065}.Release|Any CPU.Build.0 = Release|Any CPU
	EndGlobalSection
	GlobalSection(SolutionProperties) = preSolution
		HideSolutionNode = FALSE
	EndGlobalSection
	GlobalSection(ExtensibilityGlobals) = postSolution
		SolutionGuid = {48757C61-9E92-44D4-B6C0-ABF43E7B0B67}
	EndGlobalSection
EndGlobal
